{
    "_readme": [
        "This file locks the dependencies of your project to a known state",
        "Read more about it at https://getcomposer.org/doc/01-basic-usage.md#composer-lock-the-lock-file",
        "This file is @generated automatically"
    ],
    "hash": "430accac55519afa3845d2a011aa5db8",
    "content-hash": "53351789fddd9eff9d8fa090a098cf24",
    "packages": [
        {
            "name": "composer/installers",
            "version": "v1.0.23",
            "source": {
                "type": "git",
                "url": "https://github.com/composer/installers.git",
                "reference": "6213d900e92647831f7a406d5c530ea1f3d4360e"
            },
            "dist": {
                "type": "zip",
                "url": "https://api.github.com/repos/composer/installers/zipball/6213d900e92647831f7a406d5c530ea1f3d4360e",
                "reference": "6213d900e92647831f7a406d5c530ea1f3d4360e",
                "shasum": ""
            },
            "require": {
                "composer-plugin-api": "^1.0"
            },
            "replace": {
                "roundcube/plugin-installer": "*",
                "shama/baton": "*"
            },
            "require-dev": {
                "composer/composer": "1.0.*@dev",
                "phpunit/phpunit": "4.1.*"
            },
            "type": "composer-plugin",
            "extra": {
                "class": "Composer\\Installers\\Plugin",
                "branch-alias": {
                    "dev-master": "1.0-dev"
                }
            },
            "autoload": {
                "psr-0": {
                    "Composer\\Installers\\": "src/"
                }
            },
            "notification-url": "https://packagist.org/downloads/",
            "license": [
                "MIT"
            ],
            "authors": [
                {
                    "name": "Kyle Robinson Young",
                    "email": "kyle@dontkry.com",
                    "homepage": "https://github.com/shama"
                }
            ],
            "description": "A multi-framework Composer library installer",
            "homepage": "http://composer.github.com/installers/",
            "keywords": [
                "Craft",
                "Dolibarr",
                "Hurad",
                "MODX Evo",
                "OXID",
                "SMF",
                "Thelia",
                "WolfCMS",
                "agl",
                "aimeos",
                "annotatecms",
                "bitrix",
                "cakephp",
                "chef",
                "codeigniter",
                "concrete5",
                "croogo",
                "dokuwiki",
                "drupal",
                "elgg",
                "fuelphp",
                "grav",
                "installer",
                "joomla",
                "kohana",
                "laravel",
                "lithium",
                "magento",
                "mako",
                "mediawiki",
                "modulework",
                "moodle",
                "phpbb",
                "piwik",
                "ppi",
                "puppet",
                "roundcube",
                "shopware",
                "silverstripe",
                "symfony",
                "typo3",
                "wordpress",
                "zend",
                "zikula"
            ],
            "time": "2016-01-27 12:54:22"
        },
        {
            "name": "johnpbloch/wordpress",
            "version": "4.4.2",
            "source": {
                "type": "git",
                "url": "https://github.com/johnpbloch/wordpress.git",
                "reference": "fe9320de0793602084c600e22c0c5e0bb601a264"
            },
            "dist": {
                "type": "zip",
                "url": "https://api.github.com/repos/johnpbloch/wordpress/zipball/fe9320de0793602084c600e22c0c5e0bb601a264",
                "reference": "fe9320de0793602084c600e22c0c5e0bb601a264",
                "shasum": ""
            },
            "require": {
                "johnpbloch/wordpress-core-installer": "~0.2",
                "php": ">=5.3.2"
            },
            "type": "wordpress-core",
            "notification-url": "https://packagist.org/downloads/",
            "license": [
                "GPL-2.0+"
            ],
            "authors": [
                {
                    "name": "WordPress Community",
                    "homepage": "http://wordpress.org/about/"
                }
            ],
            "description": "WordPress is web software you can use to create a beautiful website or blog.",
            "homepage": "http://wordpress.org/",
            "keywords": [
                "blog",
                "cms"
            ],
            "time": "2016-02-02 17:16:14"
        },
        {
            "name": "johnpbloch/wordpress-core-installer",
            "version": "0.2.1",
            "source": {
                "type": "git",
                "url": "https://github.com/johnpbloch/wordpress-core-installer.git",
                "reference": "a04c2c383ef13aae077f36799ed2eafdebd618d2"
            },
            "dist": {
                "type": "zip",
                "url": "https://api.github.com/repos/johnpbloch/wordpress-core-installer/zipball/a04c2c383ef13aae077f36799ed2eafdebd618d2",
                "reference": "a04c2c383ef13aae077f36799ed2eafdebd618d2",
                "shasum": ""
            },
            "require": {
                "composer-plugin-api": "^1.0"
            },
            "conflict": {
                "composer/installers": "<1.0.6"
            },
            "require-dev": {
                "composer/composer": "1.0.*@dev"
            },
            "type": "composer-plugin",
            "extra": {
                "class": "johnpbloch\\Composer\\WordPressCorePlugin"
            },
            "autoload": {
                "psr-0": {
                    "johnpbloch\\Composer\\": "src/"
                }
            },
            "notification-url": "https://packagist.org/downloads/",
            "license": [
                "GPL-2.0+"
            ],
            "authors": [
                {
                    "name": "John P. Bloch",
                    "email": "me@johnpbloch.com"
                }
            ],
            "description": "A custom installer to handle deploying WordPress with composer",
            "keywords": [
                "wordpress"
            ],
            "time": "2015-06-11 15:15:30"
        },
        {
            "name": "opensauce/opensauce-theme",
            "version": "dev-develop",
            "source": {
                "type": "git",
                "url": "https://github.com/roberteliason/opensauce_theme.git",
                "reference": "d5e63a7539aaccfb9f812f2619f46ed9996273ab"
            },
            "require": {
                "composer/installers": "~1.0",
                "php": ">=5.3.2"
            },
            "type": "wordpress-theme",
            "extra": {
                "installer-name": "opensauce-theme"
            },
            "license": [
                "MIT"
            ],
            "authors": [
                {
                    "name": "Robert Eliason",
                    "email": "robert@pardalis.se",
                    "homepage": "http://opensauce.se/"
                }
            ],
            "description": "Theme for Open Sauce",
            "homepage": "http://opensauce.se",
            "keywords": [
                "wordpress"
            ],
            "time": "2015-09-15 14:19:33"
        },
        {
            "name": "roberteliason/simple-cache-api",
            "version": "dev-master",
            "source": {
                "type": "git",
                "url": "https://github.com/roberteliason/simple-cache-api.git",
                "reference": "8bfce1a5560d85ca21a20994e2c235a227e4c652"
            },
            "require": {
                "composer/installers": "~1.0",
                "php": ">=5.4"
            },
            "type": "wordpress-plugin",
            "extra": {
                "installer-name": "simple-cache-api"
            },
            "license": [
                "MIT"
            ],
            "authors": [
                {
                    "name": "Robert Eliason",
                    "email": "robert@pardalis.se",
                    "homepage": "https://github.com/roberteliason"
                }
            ],
            "description": "A simple and extensible cache API",
            "homepage": "https://github.com/roberteliason/simple-cache-api",
            "keywords": [
                "wordpress"
            ],
            "time": "2015-09-01 19:48:06"
        },
        {
            "name": "wp-papi/papi",
            "version": "v2.4.11",
            "source": {
                "type": "git",
                "url": "https://github.com/wp-papi/papi.git",
                "reference": "45456fe677f1ff0dec3133679e138aea3c1f35aa"
            },
            "require": {
                "composer/installers": "~1.0",
                "php": ">=5.4.7"
            },
            "require-dev": {
                "frozzare/wp-test-suite": "~1.0",
                "sebastian/phpcpd": "~2.0@dev",
                "wp-coding-standards/wpcs": "dev-develop"
            },
            "type": "wordpress-plugin",
            "extra": {
                "branch-alias": {
                    "dev-master": "2.5-dev"
                }
            },
            "scripts": {
                "post-install-cmd": [
                    "\"vendor/bin/phpcs\" --config-set installed_paths vendor/wp-coding-standards/wpcs"
                ],
                "post-update-cmd": [
                    "\"vendor/bin/phpcs\" --config-set installed_paths vendor/wp-coding-standards/wpcs"
                ]
            },
            "license": [
                "MIT"
            ],
            "authors": [
                {
                    "name": "Fredrik Forsmo",
                    "email": "fredrik.forsmo@gmail.com",
                    "homepage": "https://github.com/frozzare"
                }
            ],
            "description": "WordPress Page Type API with custom fields",
            "homepage": "https://wp-papi.github.io",
            "keywords": [
                "custom fields",
                "page",
                "page type",
                "wordpress"
            ],
            "support": {
                "issues": "https://github.com/wp-papi/papi/issues"
            },
            "time": "2016-02-06 17:09:14"
        },
        {
            "name": "wpackagist-plugin/google-analytics-for-wordpress",
            "version": "5.4.6",
            "source": {
                "type": "svn",
                "url": "http://plugins.svn.wordpress.org/google-analytics-for-wordpress/",
                "reference": "tags/5.4.6"
            },
            "dist": {
                "type": "zip",
                "url": "https://downloads.wordpress.org/plugin/google-analytics-for-wordpress.5.4.6.zip",
                "reference": null,
                "shasum": null
            },
            "require": {
                "composer/installers": "~1.0"
            },
            "type": "wordpress-plugin",
            "homepage": "https://wordpress.org/plugins/google-analytics-for-wordpress/"
        },
        {
            "name": "wpackagist-plugin/wordpress-seo",
            "version": "3.0.7",
            "source": {
                "type": "svn",
                "url": "http://plugins.svn.wordpress.org/wordpress-seo/",
                "reference": "tags/3.0.7"
            },
            "dist": {
                "type": "zip",
                "url": "https://downloads.wordpress.org/plugin/wordpress-seo.3.0.7.zip",
                "reference": null,
                "shasum": null
            },
            "require": {
                "composer/installers": "~1.0"
            },
            "type": "wordpress-plugin",
            "homepage": "https://wordpress.org/plugins/wordpress-seo/"
        }
    ],
    "packages-dev": [
        {
            "name": "wpackagist-plugin/duplicate-post",
            "version": "2.6",
            "source": {
                "type": "svn",
                "url": "http://plugins.svn.wordpress.org/duplicate-post/",
                "reference": "tags/2.6"
            },
            "dist": {
                "type": "zip",
                "url": "https://downloads.wordpress.org/plugin/duplicate-post.2.6.zip",
                "reference": null,
                "shasum": null
            },
            "require": {
                "composer/installers": "~1.0"
            },
            "type": "wordpress-plugin",
            "homepage": "https://wordpress.org/plugins/duplicate-post/"
        },
        {
            "name": "wpackagist-plugin/query-monitor",
            "version": "2.8.1",
            "source": {
                "type": "svn",
                "url": "http://plugins.svn.wordpress.org/query-monitor/",
                "reference": "tags/2.8.1"
            },
            "dist": {
                "type": "zip",
                "url": "https://downloads.wordpress.org/plugin/query-monitor.2.8.1.zip",
                "reference": null,
                "shasum": null
            },
            "require": {
                "composer/installers": "~1.0"
            },
            "type": "wordpress-plugin",
            "homepage": "https://wordpress.org/plugins/query-monitor/"
        }
    ],
    "aliases": [],
    "minimum-stability": "stable",
    "stability-flags": {
        "roberteliason/simple-cache-api": 20,
        "opensauce/opensauce-theme": 20
    },
    "prefer-stable": false,
    "prefer-lowest": false,
    "platform": {
        "php": ">=5.4"
    },
    "platform-dev": []
}
